
Microsoft Visual Studio Solution File, Format Version 12.00
# Visual Studio 15
VisualStudioVersion = 15.0.27130.2027
MinimumVisualStudioVersion = 10.0.40219.1
Project("{FAE04EC0-301F-11D3-BF4B-00C04F79EFBC}") = "View", "TwitterCase\View.csproj", "{50555BCB-9937-44D3-A7F8-D81265B5CA1D}"
EndProject
Global
	GlobalSection(SolutionConfigurationPlatforms) = preSolution
		Debug|Any CPU = Debug|Any CPU
		Release|Any CPU = Release|Any CPU
	EndGlobalSection
	GlobalSection(ProjectConfigurationPlatforms) = postSolution
		{50555BCB-9937-44D3-A7F8-D81265B5CA1D}.Debug|Any CPU.ActiveCfg = Debug|Any CPU
		{50555BCB-9937-44D3-A7F8-D81265B5CA1D}.Debug|Any CPU.Build.0 = Debug|Any CPU
		{50555BCB-9937-44D3-A7F8-D81265B5CA1D}.Release|Any CPU.ActiveCfg = Release|Any CPU
		{50555BCB-9937-44D3-A7F8-D81265B5CA1D}.Release|Any CPU.Build.0 = Release|Any CPU
	EndGlobalSection
	GlobalSection(SolutionProperties) = preSolution
		HideSolutionNode = FALSE
	EndGlobalSection
	GlobalSection(ExtensibilityGlobals) = postSolution
		SolutionGuid = {1E918872-BC36-4597-B3B3-C34368C772A1}
	EndGlobalSection
EndGlobal
